// !$*UTF8*$!
{
	archiveVersion = 1;
	classes = {
	};
	objectVersion = 46;
	objects = {

/* Begin PBXBuildFile section */
		DDBD17A21B5FF8CB00D42479 /* matrixViewController.m in Sources */ = {isa = PBXBuildFile; fileRef = DDBD17A11B5FF8CB00D42479 /* matrixViewController.m */; };
		DDBD37851B5E7DE0005F2C9F /* main.m in Sources */ = {isa = PBXBuildFile; fileRef = DDBD37841B5E7DE0005F2C9F /* main.m */; };
		DDBD37881B5E7DE0005F2C9F /* AppDelegate.m in Sources */ = {isa = PBXBuildFile; fileRef = DDBD37871B5E7DE0005F2C9F /* AppDelegate.m */; };
		DDBD378B1B5E7DE0005F2C9F /* ViewController.m in Sources */ = {isa = PBXBuildFile; fileRef = DDBD378A1B5E7DE0005F2C9F /* ViewController.m */; };
		DDBD378E1B5E7DE0005F2C9F /* Main.storyboard in Resources */ = {isa = PBXBuildFile; fileRef = DDBD378C1B5E7DE0005F2C9F /* Main.storyboard */; };
		DDBD37901B5E7DE0005F2C9F /* Images.xcassets in Resources */ = {isa = PBXBuildFile; fileRef = DDBD378F1B5E7DE0005F2C9F /* Images.xcassets */; };
		DDBD37931B5E7DE0005F2C9F /* LaunchScreen.xib in Resources */ = {isa = PBXBuildFile; fileRef = DDBD37911B5E7DE0005F2C9F /* LaunchScreen.xib */; };
		DDBD379F1B5E7DE0005F2C9F /* __Tests.m in Sources */ = {isa = PBXBuildFile; fileRef = DDBD379E1B5E7DE0005F2C9F /* __Tests.m */; };
		DDBD37AA1B5E8695005F2C9F /* CameraViewController.m in Sources */ = {isa = PBXBuildFile; fileRef = DDBD37A91B5E8695005F2C9F /* CameraViewController.m */; };
		DDBD37AD1B5E8D88005F2C9F /* RepeatButton.m in Sources */ = {isa = PBXBuildFile; fileRef = DDBD37AC1B5E8D88005F2C9F /* RepeatButton.m */; };
		DDBD37B01B5F04CD005F2C9F /* GCDAsyncSocket.m in Sources */ = {isa = PBXBuildFile; fileRef = DDBD37AF1B5F04CD005F2C9F /* GCDAsyncSocket.m */; };
		DDBD37B31B5F0778005F2C9F /* VolViewController.m in Sources */ = {isa = PBXBuildFile; fileRef = DDBD37B21B5F0778005F2C9F /* VolViewController.m */; };
		DDBE87951B60430F0064391D /* powerViewController.m in Sources */ = {isa = PBXBuildFile; fileRef = DDBE87941B60430F0064391D /* powerViewController.m */; };
		DDC487781B66846F00522410 /* background.png in Resources */ = {isa = PBXBuildFile; fileRef = DDC487771B66846F00522410 /* background.png */; };
		DDC4877C1B668A2200522410 /* camera_icon30x30.png in Resources */ = {isa = PBXBuildFile; fileRef = DDC4877B1B668A2200522410 /* camera_icon30x30.png */; };
		DDC487801B668B5E00522410 /* matrix30x30.png in Resources */ = {isa = PBXBuildFile; fileRef = DDC4877D1B668B5E00522410 /* matrix30x30.png */; };
		DDC487811B668B5E00522410 /* mic30x30.png in Resources */ = {isa = PBXBuildFile; fileRef = DDC4877E1B668B5E00522410 /* mic30x30.png */; };
		DDC487821B668B5E00522410 /* power30x30.png in Resources */ = {isa = PBXBuildFile; fileRef = DDC4877F1B668B5E00522410 /* power30x30.png */; };
		DDC487871B66929F00522410 /* camera_down.png in Resources */ = {isa = PBXBuildFile; fileRef = DDC487851B66929F00522410 /* camera_down.png */; };
		DDC487881B66929F00522410 /* camera_left.png in Resources */ = {isa = PBXBuildFile; fileRef = DDC487861B66929F00522410 /* camera_left.png */; };
		DDC4878A1B6692B100522410 /* camera_up.png in Resources */ = {isa = PBXBuildFile; fileRef = DDC487891B6692B100522410 /* camera_up.png */; };
		DDC4878F1B66938700522410 /* camera_plus.png in Resources */ = {isa = PBXBuildFile; fileRef = DDC4878D1B66938700522410 /* camera_plus.png */; };
		DDC487901B66938700522410 /* camera_sub.png in Resources */ = {isa = PBXBuildFile; fileRef = DDC4878E1B66938700522410 /* camera_sub.png */; };
		DDC487921B6693F800522410 /* camera_right.png in Resources */ = {isa = PBXBuildFile; fileRef = DDC487911B6693F800522410 /* camera_right.png */; };
		DDC487941B66949800522410 /* camera_btnBack.png in Resources */ = {isa = PBXBuildFile; fileRef = DDC487931B66949800522410 /* camera_btnBack.png */; };
		DDC487961B66962400522410 /* camera_btnBackBlue.png in Resources */ = {isa = PBXBuildFile; fileRef = DDC487951B66962400522410 /* camera_btnBackBlue.png */; };
		DDC487991B669AE900522410 /* matrixBtn.png in Resources */ = {isa = PBXBuildFile; fileRef = DDC487981B669AE900522410 /* matrixBtn.png */; };
		DDC4879B1B669CE000522410 /* mute.png in Resources */ = {isa = PBXBuildFile; fileRef = DDC4879A1B669CE000522410 /* mute.png */; };
		DDC4879D1B669D4000522410 /* mute_down.png in Resources */ = {isa = PBXBuildFile; fileRef = DDC4879C1B669D4000522410 /* mute_down.png */; };
		DDC487A31B66A01500522410 /* headset.png in Resources */ = {isa = PBXBuildFile; fileRef = DDC4879F1B66A01500522410 /* headset.png */; };
		DDC487A41B66A01500522410 /* lamptop.png in Resources */ = {isa = PBXBuildFile; fileRef = DDC487A01B66A01500522410 /* lamptop.png */; };
		DDC487A51B66A01500522410 /* mic.png in Resources */ = {isa = PBXBuildFile; fileRef = DDC487A11B66A01500522410 /* mic.png */; };
		DDC487A61B66A01500522410 /* termimal.png in Resources */ = {isa = PBXBuildFile; fileRef = DDC487A21B66A01500522410 /* termimal.png */; };
		DDC487AA1B66A53A00522410 /* power_amp.png in Resources */ = {isa = PBXBuildFile; fileRef = DDC487A71B66A53A00522410 /* power_amp.png */; };
		DDC487AB1B66A53A00522410 /* power_vol.png in Resources */ = {isa = PBXBuildFile; fileRef = DDC487A81B66A53A00522410 /* power_vol.png */; };
		DDC487AC1B66A53A00522410 /* tv.png in Resources */ = {isa = PBXBuildFile; fileRef = DDC487A91B66A53A00522410 /* tv.png */; };
		DDC487AF1B66A5BC00522410 /* netUpload.png in Resources */ = {isa = PBXBuildFile; fileRef = DDC487AE1B66A5BC00522410 /* netUpload.png */; };
/* End PBXBuildFile section */

/* Begin PBXContainerItemProxy section */
		DDBD37991B5E7DE0005F2C9F /* PBXContainerItemProxy */ = {
			isa = PBXContainerItemProxy;
			containerPortal = DDBD37771B5E7DE0005F2C9F /* Project object */;
			proxyType = 1;
			remoteGlobalIDString = DDBD377E1B5E7DE0005F2C9F;
			remoteInfo = "抚顺";
		};
/* End PBXContainerItemProxy section */

/* Begin PBXFileReference section */
		DDBD17A01B5FF8CB00D42479 /* matrixViewController.h */ = {isa = PBXFileReference; fileEncoding = 4; lastKnownFileType = sourcecode.c.h; path = matrixViewController.h; sourceTree = "<group>"; };
		DDBD17A11B5FF8CB00D42479 /* matrixViewController.m */ = {isa = PBXFileReference; fileEncoding = 4; lastKnownFileType = sourcecode.c.objc; path = matrixViewController.m; sourceTree = "<group>"; };
		DDBD377F1B5E7DE0005F2C9F /* 抚顺.app */ = {isa = PBXFileReference; explicitFileType = wrapper.application; includeInIndex = 0; path = "抚顺.app"; sourceTree = BUILT_PRODUCTS_DIR; };
		DDBD37831B5E7DE0005F2C9F /* Info.plist */ = {isa = PBXFileReference; lastKnownFileType = text.plist.xml; path = Info.plist; sourceTree = "<group>"; };
		DDBD37841B5E7DE0005F2C9F /* main.m */ = {isa = PBXFileReference; lastKnownFileType = sourcecode.c.objc; path = main.m; sourceTree = "<group>"; };
		DDBD37861B5E7DE0005F2C9F /* AppDelegate.h */ = {isa = PBXFileReference; lastKnownFileType = sourcecode.c.h; path = AppDelegate.h; sourceTree = "<group>"; };
		DDBD37871B5E7DE0005F2C9F /* AppDelegate.m */ = {isa = PBXFileReference; lastKnownFileType = sourcecode.c.objc; path = AppDelegate.m; sourceTree = "<group>"; };
		DDBD37891B5E7DE0005F2C9F /* ViewController.h */ = {isa = PBXFileReference; lastKnownFileType = sourcecode.c.h; path = ViewController.h; sourceTree = "<group>"; };
		DDBD378A1B5E7DE0005F2C9F /* ViewController.m */ = {isa = PBXFileReference; lastKnownFileType = sourcecode.c.objc; path = ViewController.m; sourceTree = "<group>"; };
		DDBD378D1B5E7DE0005F2C9F /* Base */ = {isa = PBXFileReference; lastKnownFileType = file.storyboard; name = Base; path = Base.lproj/Main.storyboard; sourceTree = "<group>"; };
		DDBD378F1B5E7DE0005F2C9F /* Images.xcassets */ = {isa = PBXFileReference; lastKnownFileType = folder.assetcatalog; path = Images.xcassets; sourceTree = "<group>"; };
		DDBD37921B5E7DE0005F2C9F /* Base */ = {isa = PBXFileReference; lastKnownFileType = file.xib; name = Base; path = Base.lproj/LaunchScreen.xib; sourceTree = "<group>"; };
		DDBD37981B5E7DE0005F2C9F /* 抚顺Tests.xctest */ = {isa = PBXFileReference; explicitFileType = wrapper.cfbundle; includeInIndex = 0; path = "抚顺Tests.xctest"; sourceTree = BUILT_PRODUCTS_DIR; };
		DDBD379D1B5E7DE0005F2C9F /* Info.plist */ = {isa = PBXFileReference; lastKnownFileType = text.plist.xml; path = Info.plist; sourceTree = "<group>"; };
		DDBD379E1B5E7DE0005F2C9F /* __Tests.m */ = {isa = PBXFileReference; lastKnownFileType = sourcecode.c.objc; path = __Tests.m; sourceTree = "<group>"; };
		DDBD37A81B5E8695005F2C9F /* CameraViewController.h */ = {isa = PBXFileReference; fileEncoding = 4; lastKnownFileType = sourcecode.c.h; path = CameraViewController.h; sourceTree = "<group>"; };
		DDBD37A91B5E8695005F2C9F /* CameraViewController.m */ = {isa = PBXFileReference; fileEncoding = 4; lastKnownFileType = sourcecode.c.objc; path = CameraViewController.m; sourceTree = "<group>"; };
		DDBD37AB1B5E8D88005F2C9F /* RepeatButton.h */ = {isa = PBXFileReference; fileEncoding = 4; lastKnownFileType = sourcecode.c.h; path = RepeatButton.h; sourceTree = "<group>"; };
		DDBD37AC1B5E8D88005F2C9F /* RepeatButton.m */ = {isa = PBXFileReference; fileEncoding = 4; lastKnownFileType = sourcecode.c.objc; path = RepeatButton.m; sourceTree = "<group>"; };
		DDBD37AE1B5F04CD005F2C9F /* GCDAsyncSocket.h */ = {isa = PBXFileReference; fileEncoding = 4; lastKnownFileType = sourcecode.c.h; path = GCDAsyncSocket.h; sourceTree = "<group>"; };
		DDBD37AF1B5F04CD005F2C9F /* GCDAsyncSocket.m */ = {isa = PBXFileReference; fileEncoding = 4; lastKnownFileType = sourcecode.c.objc; path = GCDAsyncSocket.m; sourceTree = "<group>"; };
		DDBD37B11B5F0778005F2C9F /* VolViewController.h */ = {isa = PBXFileReference; fileEncoding = 4; lastKnownFileType = sourcecode.c.h; path = VolViewController.h; sourceTree = "<group>"; };
		DDBD37B21B5F0778005F2C9F /* VolViewController.m */ = {isa = PBXFileReference; fileEncoding = 4; lastKnownFileType = sourcecode.c.objc; path = VolViewController.m; sourceTree = "<group>"; };
		DDBE87931B60430F0064391D /* powerViewController.h */ = {isa = PBXFileReference; fileEncoding = 4; lastKnownFileType = sourcecode.c.h; path = powerViewController.h; sourceTree = "<group>"; };
		DDBE87941B60430F0064391D /* powerViewController.m */ = {isa = PBXFileReference; fileEncoding = 4; lastKnownFileType = sourcecode.c.objc; path = powerViewController.m; sourceTree = "<group>"; };
		DDC487771B66846F00522410 /* background.png */ = {isa = PBXFileReference; lastKnownFileType = image.png; path = background.png; sourceTree = "<group>"; };
		DDC487791B6687DD00522410 /* camera_icon */ = {isa = PBXFileReference; lastKnownFileType = file; path = camera_icon; sourceTree = "<group>"; };
		DDC4877B1B668A2200522410 /* camera_icon30x30.png */ = {isa = PBXFileReference; lastKnownFileType = image.png; path = camera_icon30x30.png; sourceTree = "<group>"; };
		DDC4877D1B668B5E00522410 /* matrix30x30.png */ = {isa = PBXFileReference; lastKnownFileType = image.png; path = matrix30x30.png; sourceTree = "<group>"; };
		DDC4877E1B668B5E00522410 /* mic30x30.png */ = {isa = PBXFileReference; lastKnownFileType = image.png; path = mic30x30.png; sourceTree = "<group>"; };
		DDC4877F1B668B5E00522410 /* power30x30.png */ = {isa = PBXFileReference; lastKnownFileType = image.png; path = power30x30.png; sourceTree = "<group>"; };
		DDC487851B66929F00522410 /* camera_down.png */ = {isa = PBXFileReference; lastKnownFileType = image.png; path = camera_down.png; sourceTree = "<group>"; };
		DDC487861B66929F00522410 /* camera_left.png */ = {isa = PBXFileReference; lastKnownFileType = image.png; path = camera_left.png; sourceTree = "<group>"; };
		DDC487891B6692B100522410 /* camera_up.png */ = {isa = PBXFileReference; lastKnownFileType = image.png; path = camera_up.png; sourceTree = "<group>"; };
		DDC4878D1B66938700522410 /* camera_plus.png */ = {isa = PBXFileReference; lastKnownFileType = image.png; path = camera_plus.png; sourceTree = "<group>"; };
		DDC4878E1B66938700522410 /* camera_sub.png */ = {isa = PBXFileReference; lastKnownFileType = image.png; path = camera_sub.png; sourceTree = "<group>"; };
		DDC487911B6693F800522410 /* camera_right.png */ = {isa = PBXFileReference; lastKnownFileType = image.png; path = camera_right.png; sourceTree = "<group>"; };
		DDC487931B66949800522410 /* camera_btnBack.png */ = {isa = PBXFileReference; lastKnownFileType = image.png; path = camera_btnBack.png; sourceTree = "<group>"; };
		DDC487951B66962400522410 /* camera_btnBackBlue.png */ = {isa = PBXFileReference; lastKnownFileType = image.png; path = camera_btnBackBlue.png; sourceTree = "<group>"; };
		DDC487981B669AE900522410 /* matrixBtn.png */ = {isa = PBXFileReference; lastKnownFileType = image.png; path = matrixBtn.png; sourceTree = "<group>"; };
		DDC4879A1B669CE000522410 /* mute.png */ = {isa = PBXFileReference; lastKnownFileType = image.png; path = mute.png; sourceTree = "<group>"; };
		DDC4879C1B669D4000522410 /* mute_down.png */ = {isa = PBXFileReference; lastKnownFileType = image.png; path = mute_down.png; sourceTree = "<group>"; };
		DDC4879F1B66A01500522410 /* headset.png */ = {isa = PBXFileReference; lastKnownFileType = image.png; path = headset.png; sourceTree = "<group>"; };
		DDC487A01B66A01500522410 /* lamptop.png */ = {isa = PBXFileReference; lastKnownFileType = image.png; path = lamptop.png; sourceTree = "<group>"; };
		DDC487A11B66A01500522410 /* mic.png */ = {isa = PBXFileReference; lastKnownFileType = image.png; path = mic.png; sourceTree = "<group>"; };
		DDC487A21B66A01500522410 /* termimal.png */ = {isa = PBXFileReference; lastKnownFileType = image.png; path = termimal.png; sourceTree = "<group>"; };
		DDC487A71B66A53A00522410 /* power_amp.png */ = {isa = PBXFileReference; lastKnownFileType = image.png; path = power_amp.png; sourceTree = "<group>"; };
		DDC487A81B66A53A00522410 /* power_vol.png */ = {isa = PBXFileReference; lastKnownFileType = image.png; path = power_vol.png; sourceTree = "<group>"; };
		DDC487A91B66A53A00522410 /* tv.png */ = {isa = PBXFileReference; lastKnownFileType = image.png; path = tv.png; sourceTree = "<group>"; };
		DDC487AE1B66A5BC00522410 /* netUpload.png */ = {isa = PBXFileReference; lastKnownFileType = image.png; path = netUpload.png; sourceTree = "<group>"; };
/* End PBXFileReference section */

/* Begin PBXFrameworksBuildPhase section */
		DDBD377C1B5E7DE0005F2C9F /* Frameworks */ = {
			isa = PBXFrameworksBuildPhase;
			buildActionMask = 2147483647;
			files = (
			);
			runOnlyForDeploymentPostprocessing = 0;
		};
		DDBD37951B5E7DE0005F2C9F /* Frameworks */ = {
			isa = PBXFrameworksBuildPhase;
			buildActionMask = 2147483647;
			files = (
			);
			runOnlyForDeploymentPostprocessing = 0;
		};
/* End PBXFrameworksBuildPhase section */

/* Begin PBXGroup section */
		DDBD37761B5E7DE0005F2C9F = {
			isa = PBXGroup;
			children = (
				DDBD37811B5E7DE0005F2C9F /* 抚顺 */,
				DDBD379B1B5E7DE0005F2C9F /* 抚顺Tests */,
				DDBD37801B5E7DE0005F2C9F /* Products */,
			);
			sourceTree = "<group>";
		};
		DDBD37801B5E7DE0005F2C9F /* Products */ = {
			isa = PBXGroup;
			children = (
				DDBD377F1B5E7DE0005F2C9F /* 抚顺.app */,
				DDBD37981B5E7DE0005F2C9F /* 抚顺Tests.xctest */,
			);
			name = Products;
			sourceTree = "<group>";
		};
		DDBD37811B5E7DE0005F2C9F /* 抚顺 */ = {
			isa = PBXGroup;
			children = (
				DDC487761B66846500522410 /* pic */,
				DDBD37AB1B5E8D88005F2C9F /* RepeatButton.h */,
				DDBD37AC1B5E8D88005F2C9F /* RepeatButton.m */,
				DDBD37861B5E7DE0005F2C9F /* AppDelegate.h */,
				DDBD37871B5E7DE0005F2C9F /* AppDelegate.m */,
				DDBD37891B5E7DE0005F2C9F /* ViewController.h */,
				DDBD378A1B5E7DE0005F2C9F /* ViewController.m */,
				DDBD378C1B5E7DE0005F2C9F /* Main.storyboard */,
				DDBD378F1B5E7DE0005F2C9F /* Images.xcassets */,
				DDBD37911B5E7DE0005F2C9F /* LaunchScreen.xib */,
				DDBD37821B5E7DE0005F2C9F /* Supporting Files */,
				DDBD37A81B5E8695005F2C9F /* CameraViewController.h */,
				DDBD37A91B5E8695005F2C9F /* CameraViewController.m */,
				DDBD37AE1B5F04CD005F2C9F /* GCDAsyncSocket.h */,
				DDBD37AF1B5F04CD005F2C9F /* GCDAsyncSocket.m */,
				DDBD37B11B5F0778005F2C9F /* VolViewController.h */,
				DDBD37B21B5F0778005F2C9F /* VolViewController.m */,
				DDBD17A01B5FF8CB00D42479 /* matrixViewController.h */,
				DDBD17A11B5FF8CB00D42479 /* matrixViewController.m */,
				DDBE87931B60430F0064391D /* powerViewController.h */,
				DDBE87941B60430F0064391D /* powerViewController.m */,
			);
			path = "抚顺";
			sourceTree = "<group>";
		};
		DDBD37821B5E7DE0005F2C9F /* Supporting Files */ = {
			isa = PBXGroup;
			children = (
				DDBD37831B5E7DE0005F2C9F /* Info.plist */,
				DDBD37841B5E7DE0005F2C9F /* main.m */,
			);
			name = "Supporting Files";
			sourceTree = "<group>";
		};
		DDBD379B1B5E7DE0005F2C9F /* 抚顺Tests */ = {
			isa = PBXGroup;
			children = (
				DDBD379E1B5E7DE0005F2C9F /* __Tests.m */,
				DDBD379C1B5E7DE0005F2C9F /* Supporting Files */,
			);
			path = "抚顺Tests";
			sourceTree = "<group>";
		};
		DDBD379C1B5E7DE0005F2C9F /* Supporting Files */ = {
			isa = PBXGroup;
			children = (
				DDBD379D1B5E7DE0005F2C9F /* Info.plist */,
			);
			name = "Supporting Files";
			sourceTree = "<group>";
		};
		DDC487761B66846500522410 /* pic */ = {
			isa = PBXGroup;
			children = (
				DDC487AD1B66A54100522410 /* power */,
				DDC4879E1B669D4400522410 /* vol */,
				DDC487971B66962F00522410 /* camera */,
				DDC487771B66846F00522410 /* background.png */,
				DDC487791B6687DD00522410 /* camera_icon */,
				DDC4877B1B668A2200522410 /* camera_icon30x30.png */,
				DDC4877D1B668B5E00522410 /* matrix30x30.png */,
				DDC4877E1B668B5E00522410 /* mic30x30.png */,
				DDC4877F1B668B5E00522410 /* power30x30.png */,
				DDC487981B669AE900522410 /* matrixBtn.png */,
			);
			name = pic;
			sourceTree = "<group>";
		};
		DDC487971B66962F00522410 /* camera */ = {
			isa = PBXGroup;
			children = (
				DDC487851B66929F00522410 /* camera_down.png */,
				DDC487861B66929F00522410 /* camera_left.png */,
				DDC487891B6692B100522410 /* camera_up.png */,
				DDC4878D1B66938700522410 /* camera_plus.png */,
				DDC4878E1B66938700522410 /* camera_sub.png */,
				DDC487911B6693F800522410 /* camera_right.png */,
				DDC487931B66949800522410 /* camera_btnBack.png */,
				DDC487951B66962400522410 /* camera_btnBackBlue.png */,
			);
			name = camera;
			sourceTree = "<group>";
		};
		DDC4879E1B669D4400522410 /* vol */ = {
			isa = PBXGroup;
			children = (
				DDC4879A1B669CE000522410 /* mute.png */,
				DDC4879C1B669D4000522410 /* mute_down.png */,
				DDC4879F1B66A01500522410 /* headset.png */,
				DDC487A01B66A01500522410 /* lamptop.png */,
				DDC487A11B66A01500522410 /* mic.png */,
				DDC487A21B66A01500522410 /* termimal.png */,
			);
			name = vol;
			sourceTree = "<group>";
		};
		DDC487AD1B66A54100522410 /* power */ = {
			isa = PBXGroup;
			children = (
				DDC487A71B66A53A00522410 /* power_amp.png */,
				DDC487A81B66A53A00522410 /* power_vol.png */,
				DDC487A91B66A53A00522410 /* tv.png */,
				DDC487AE1B66A5BC00522410 /* netUpload.png */,
			);
			name = power;
			sourceTree = "<group>";
		};
/* End PBXGroup section */

/* Begin PBXNativeTarget section */
		DDBD377E1B5E7DE0005F2C9F /* 抚顺 */ = {
			isa = PBXNativeTarget;
			buildConfigurationList = DDBD37A21B5E7DE0005F2C9F /* Build configuration list for PBXNativeTarget "抚顺" */;
			buildPhases = (
				DDBD377B1B5E7DE0005F2C9F /* Sources */,
				DDBD377C1B5E7DE0005F2C9F /* Frameworks */,
				DDBD377D1B5E7DE0005F2C9F /* Resources */,
			);
			buildRules = (
			);
			dependencies = (
			);
			name = "抚顺";
			productName = "抚顺";
			productReference = DDBD377F1B5E7DE0005F2C9F /* 抚顺.app */;
			productType = "com.apple.product-type.application";
		};
		DDBD37971B5E7DE0005F2C9F /* 抚顺Tests */ = {
			isa = PBXNativeTarget;
			buildConfigurationList = DDBD37A51B5E7DE0005F2C9F /* Build configuration list for PBXNativeTarget "抚顺Tests" */;
			buildPhases = (
				DDBD37941B5E7DE0005F2C9F /* Sources */,
				DDBD37951B5E7DE0005F2C9F /* Frameworks */,
				DDBD37961B5E7DE0005F2C9F /* Resources */,
			);
			buildRules = (
			);
			dependencies = (
				DDBD379A1B5E7DE0005F2C9F /* PBXTargetDependency */,
			);
			name = "抚顺Tests";
			productName = "抚顺Tests";
			productReference = DDBD37981B5E7DE0005F2C9F /* 抚顺Tests.xctest */;
			productType = "com.apple.product-type.bundle.unit-test";
		};
/* End PBXNativeTarget section */

/* Begin PBXProject section */
		DDBD37771B5E7DE0005F2C9F /* Project object */ = {
			isa = PBXProject;
			attributes = {
				LastUpgradeCheck = 0630;
				ORGANIZATIONNAME = wharlim;
				TargetAttributes = {
					DDBD377E1B5E7DE0005F2C9F = {
						CreatedOnToolsVersion = 6.3.2;
					};
					DDBD37971B5E7DE0005F2C9F = {
						CreatedOnToolsVersion = 6.3.2;
						TestTargetID = DDBD377E1B5E7DE0005F2C9F;
					};
				};
			};
			buildConfigurationList = DDBD377A1B5E7DE0005F2C9F /* Build configuration list for PBXProject "抚顺" */;
			compatibilityVersion = "Xcode 3.2";
			developmentRegion = English;
			hasScannedForEncodings = 0;
			knownRegions = (
				en,
				Base,
			);
			mainGroup = DDBD37761B5E7DE0005F2C9F;
			productRefGroup = DDBD37801B5E7DE0005F2C9F /* Products */;
			projectDirPath = "";
			projectRoot = "";
			targets = (
				DDBD377E1B5E7DE0005F2C9F /* 抚顺 */,
				DDBD37971B5E7DE0005F2C9F /* 抚顺Tests */,
			);
		};
/* End PBXProject section */

/* Begin PBXResourcesBuildPhase section */
		DDBD377D1B5E7DE0005F2C9F /* Resources */ = {
			isa = PBXResourcesBuildPhase;
			buildActionMask = 2147483647;
			files = (
				DDBD378E1B5E7DE0005F2C9F /* Main.storyboard in Resources */,
				DDC4879D1B669D4000522410 /* mute_down.png in Resources */,
				DDC487781B66846F00522410 /* background.png in Resources */,
				DDC4879B1B669CE000522410 /* mute.png in Resources */,
				DDC487AB1B66A53A00522410 /* power_vol.png in Resources */,
				DDC487A31B66A01500522410 /* headset.png in Resources */,
				DDC4877C1B668A2200522410 /* camera_icon30x30.png in Resources */,
				DDC487A61B66A01500522410 /* termimal.png in Resources */,
				DDC487921B6693F800522410 /* camera_right.png in Resources */,
				DDC4878A1B6692B100522410 /* camera_up.png in Resources */,
				DDC487901B66938700522410 /* camera_sub.png in Resources */,
				DDC487801B668B5E00522410 /* matrix30x30.png in Resources */,
				DDC487A41B66A01500522410 /* lamptop.png in Resources */,
				DDC487AC1B66A53A00522410 /* tv.png in Resources */,
				DDC487821B668B5E00522410 /* power30x30.png in Resources */,
				DDC487941B66949800522410 /* camera_btnBack.png in Resources */,
				DDC487881B66929F00522410 /* camera_left.png in Resources */,
				DDC487871B66929F00522410 /* camera_down.png in Resources */,
				DDC487991B669AE900522410 /* matrixBtn.png in Resources */,
				DDC487AF1B66A5BC00522410 /* netUpload.png in Resources */,
				DDBD37931B5E7DE0005F2C9F /* LaunchScreen.xib in Resources */,
				DDC487AA1B66A53A00522410 /* power_amp.png in Resources */,
				DDBD37901B5E7DE0005F2C9F /* Images.xcassets in Resources */,
				DDC487811B668B5E00522410 /* mic30x30.png in Resources */,
				DDC487961B66962400522410 /* camera_btnBackBlue.png in Resources */,
				DDC4878F1B66938700522410 /* camera_plus.png in Resources */,
				DDC487A51B66A01500522410 /* mic.png in Resources */,
			);
			runOnlyForDeploymentPostprocessing = 0;
		};
		DDBD37961B5E7DE0005F2C9F /* Resources */ = {
			isa = PBXResourcesBuildPhase;
			buildActionMask = 2147483647;
			files = (
			);
			runOnlyForDeploymentPostprocessing = 0;
		};
/* End PBXResourcesBuildPhase section */

/* Begin PBXSourcesBuildPhase section */
		DDBD377B1B5E7DE0005F2C9F /* Sources */ = {
			isa = PBXSourcesBuildPhase;
			buildActionMask = 2147483647;
			files = (
				DDBD37B01B5F04CD005F2C9F /* GCDAsyncSocket.m in Sources */,
				DDBE87951B60430F0064391D /* powerViewController.m in Sources */,
				DDBD378B1B5E7DE0005F2C9F /* ViewController.m in Sources */,
				DDBD37AA1B5E8695005F2C9F /* CameraViewController.m in Sources */,
				DDBD37B31B5F0778005F2C9F /* VolViewController.m in Sources */,
				DDBD37881B5E7DE0005F2C9F /* AppDelegate.m in Sources */,
				DDBD17A21B5FF8CB00D42479 /* matrixViewController.m in Sources */,
				DDBD37AD1B5E8D88005F2C9F /* RepeatButton.m in Sources */,
				DDBD37851B5E7DE0005F2C9F /* main.m in Sources */,
			);
			runOnlyForDeploymentPostprocessing = 0;
		};
		DDBD37941B5E7DE0005F2C9F /* Sources */ = {
			isa = PBXSourcesBuildPhase;
			buildActionMask = 2147483647;
			files = (
				DDBD379F1B5E7DE0005F2C9F /* __Tests.m in Sources */,
			);
			runOnlyForDeploymentPostprocessing = 0;
		};
/* End PBXSourcesBuildPhase section */

/* Begin PBXTargetDependency section */
		DDBD379A1B5E7DE0005F2C9F /* PBXTargetDependency */ = {
			isa = PBXTargetDependency;
			target = DDBD377E1B5E7DE0005F2C9F /* 抚顺 */;
			targetProxy = DDBD37991B5E7DE0005F2C9F /* PBXContainerItemProxy */;
		};
/* End PBXTargetDependency section */

/* Begin PBXVariantGroup section */
		DDBD378C1B5E7DE0005F2C9F /* Main.storyboard */ = {
			isa = PBXVariantGroup;
			children = (
				DDBD378D1B5E7DE0005F2C9F /* Base */,
			);
			name = Main.storyboard;
			sourceTree = "<group>";
		};
		DDBD37911B5E7DE0005F2C9F /* LaunchScreen.xib */ = {
			isa = PBXVariantGroup;
			children = (
				DDBD37921B5E7DE0005F2C9F /* Base */,
			);
			name = LaunchScreen.xib;
			sourceTree = "<group>";
		};
/* End PBXVariantGroup section */

/* Begin XCBuildConfiguration section */
		DDBD37A01B5E7DE0005F2C9F /* Debug */ = {
			isa = XCBuildConfiguration;
			buildSettings = {
				ALWAYS_SEARCH_USER_PATHS = NO;
				CLANG_CXX_LANGUAGE_STANDARD = "gnu++0x";
				CLANG_CXX_LIBRARY = "libc++";
				CLANG_ENABLE_MODULES = YES;
				CLANG_ENABLE_OBJC_ARC = YES;
				CLANG_WARN_BOOL_CONVERSION = YES;
				CLANG_WARN_CONSTANT_CONVERSION = YES;
				CLANG_WARN_DIRECT_OBJC_ISA_USAGE = YES_ERROR;
				CLANG_WARN_EMPTY_BODY = YES;
				CLANG_WARN_ENUM_CONVERSION = YES;
				CLANG_WARN_INT_CONVERSION = YES;
				CLANG_WARN_OBJC_ROOT_CLASS = YES_ERROR;
				CLANG_WARN_UNREACHABLE_CODE = YES;
				CLANG_WARN__DUPLICATE_METHOD_MATCH = YES;
				"CODE_SIGN_IDENTITY[sdk=iphoneos*]" = "iPhone Developer";
				COPY_PHASE_STRIP = NO;
				DEBUG_INFORMATION_FORMAT = "dwarf-with-dsym";
				ENABLE_STRICT_OBJC_MSGSEND = YES;
				GCC_C_LANGUAGE_STANDARD = gnu99;
				GCC_DYNAMIC_NO_PIC = NO;
				GCC_NO_COMMON_BLOCKS = YES;
				GCC_OPTIMIZATION_LEVEL = 0;
				GCC_PREPROCESSOR_DEFINITIONS = (
					"DEBUG=1",
					"$(inherited)",
				);
				GCC_SYMBOLS_PRIVATE_EXTERN = NO;
				GCC_WARN_64_TO_32_BIT_CONVERSION = YES;
				GCC_WARN_ABOUT_RETURN_TYPE = YES_ERROR;
				GCC_WARN_UNDECLARED_SELECTOR = YES;
				GCC_WARN_UNINITIALIZED_AUTOS = YES_AGGRESSIVE;
				GCC_WARN_UNUSED_FUNCTION = YES;
				GCC_WARN_UNUSED_VARIABLE = YES;
				IPHONEOS_DEPLOYMENT_TARGET = 8.3;
				MTL_ENABLE_DEBUG_INFO = YES;
				ONLY_ACTIVE_ARCH = YES;
				SDKROOT = iphoneos;
				TARGETED_DEVICE_FAMILY = 2;
			};
			name = Debug;
		};
		DDBD37A11B5E7DE0005F2C9F /* Release */ = {
			isa = XCBuildConfiguration;
			buildSettings = {
				ALWAYS_SEARCH_USER_PATHS = NO;
				CLANG_CXX_LANGUAGE_STANDARD = "gnu++0x";
				CLANG_CXX_LIBRARY = "libc++";
				CLANG_ENABLE_MODULES = YES;
				CLANG_ENABLE_OBJC_ARC = YES;
				CLANG_WARN_BOOL_CONVERSION = YES;
				CLANG_WARN_CONSTANT_CONVERSION = YES;
				CLANG_WARN_DIRECT_OBJC_ISA_USAGE = YES_ERROR;
				CLANG_WARN_EMPTY_BODY = YES;
				CLANG_WARN_ENUM_CONVERSION = YES;
				CLANG_WARN_INT_CONVERSION = YES;
				CLANG_WARN_OBJC_ROOT_CLASS = YES_ERROR;
				CLANG_WARN_UNREACHABLE_CODE = YES;
				CLANG_WARN__DUPLICATE_METHOD_MATCH = YES;
				"CODE_SIGN_IDENTITY[sdk=iphoneos*]" = "iPhone Developer";
				COPY_PHASE_STRIP = NO;
				DEBUG_INFORMATION_FORMAT = "dwarf-with-dsym";
				ENABLE_NS_ASSERTIONS = NO;
				ENABLE_STRICT_OBJC_MSGSEND = YES;
				GCC_C_LANGUAGE_STANDARD = gnu99;
				GCC_NO_COMMON_BLOCKS = YES;
				GCC_WARN_64_TO_32_BIT_CONVERSION = YES;
				GCC_WARN_ABOUT_RETURN_TYPE = YES_ERROR;
				GCC_WARN_UNDECLARED_SELECTOR = YES;
				GCC_WARN_UNINITIALIZED_AUTOS = YES_AGGRESSIVE;
				GCC_WARN_UNUSED_FUNCTION = YES;
				GCC_WARN_UNUSED_VARIABLE = YES;
				IPHONEOS_DEPLOYMENT_TARGET = 8.3;
				MTL_ENABLE_DEBUG_INFO = NO;
				SDKROOT = iphoneos;
				TARGETED_DEVICE_FAMILY = 2;
				VALIDATE_PRODUCT = YES;
			};
			name = Release;
		};
		DDBD37A31B5E7DE0005F2C9F /* Debug */ = {
			isa = XCBuildConfiguration;
			buildSettings = {
				ASSETCATALOG_COMPILER_APPICON_NAME = AppIcon;
				CODE_SIGN_IDENTITY = "iPhone Distribution: Beijing Yunce Network Technology Co., Ltd.";
				INFOPLIST_FILE = "抚顺/Info.plist";
				IPHONEOS_DEPLOYMENT_TARGET = 7.0;
				LD_RUNPATH_SEARCH_PATHS = "$(inherited) @executable_path/Frameworks";
				PRODUCT_NAME = "$(TARGET_NAME)";
				PROVISIONING_PROFILE = "aac63f90-fa8f-4a57-b361-3783ffc314a0";
			};
			name = Debug;
		};
		DDBD37A41B5E7DE0005F2C9F /* Release */ = {
			isa = XCBuildConfiguration;
			buildSettings = {
				ASSETCATALOG_COMPILER_APPICON_NAME = AppIcon;
				CODE_SIGN_IDENTITY = "iPhone Distribution: Beijing Yunce Network Technology Co., Ltd.";
				INFOPLIST_FILE = "抚顺/Info.plist";
				IPHONEOS_DEPLOYMENT_TARGET = 7.0;
				LD_RUNPATH_SEARCH_PATHS = "$(inherited) @executable_path/Frameworks";
				PRODUCT_NAME = "$(TARGET_NAME)";
				PROVISIONING_PROFILE = "aac63f90-fa8f-4a57-b361-3783ffc314a0";
			};
			name = Release;
		};
		DDBD37A61B5E7DE0005F2C9F /* Debug */ = {
			isa = XCBuildConfiguration;
			buildSettings = {
				BUNDLE_LOADER = "$(TEST_HOST)";
				FRAMEWORK_SEARCH_PATHS = (
					"$(SDKROOT)/Developer/Library/Frameworks",
					"$(inherited)",
				);
				GCC_PREPROCESSOR_DEFINITIONS = (
					"DEBUG=1",
					"$(inherited)",
				);
				INFOPLIST_FILE = "抚顺Tests/Info.plist";
				LD_RUNPATH_SEARCH_PATHS = "$(inherited) @executable_path/Frameworks @loader_path/Frameworks";
				PRODUCT_NAME = "$(TARGET_NAME)";
				TEST_HOST = "$(BUILT_PRODUCTS_DIR)/抚顺.app/抚顺";
			};
			name = Debug;
		};
		DDBD37A71B5E7DE0005F2C9F /* Release */ = {
			isa = XCBuildConfiguration;
			buildSettings = {
				BUNDLE_LOADER = "$(TEST_HOST)";
				FRAMEWORK_SEARCH_PATHS = (
					"$(SDKROOT)/Developer/Library/Frameworks",
					"$(inherited)",
				);
				INFOPLIST_FILE = "抚顺Tests/Info.plist";
				LD_RUNPATH_SEARCH_PATHS = "$(inherited) @executable_path/Frameworks @loader_path/Frameworks";
				PRODUCT_NAME = "$(TARGET_NAME)";
				TEST_HOST = "$(BUILT_PRODUCTS_DIR)/抚顺.app/抚顺";
			};
			name = Release;
		};
/* End XCBuildConfiguration section */

/* Begin XCConfigurationList section */
		DDBD377A1B5E7DE0005F2C9F /* Build configuration list for PBXProject "抚顺" */ = {
			isa = XCConfigurationList;
			buildConfigurations = (
				DDBD37A01B5E7DE0005F2C9F /* Debug */,
				DDBD37A11B5E7DE0005F2C9F /* Release */,
			);
			defaultConfigurationIsVisible = 0;
			defaultConfigurationName = Release;
		};
		DDBD37A21B5E7DE0005F2C9F /* Build configuration list for PBXNativeTarget "抚顺" */ = {
			isa = XCConfigurationList;
			buildConfigurations = (
				DDBD37A31B5E7DE0005F2C9F /* Debug */,
				DDBD37A41B5E7DE0005F2C9F /* Release */,
			);
			defaultConfigurationIsVisible = 0;
			defaultConfigurationName = Release;
		};
		DDBD37A51B5E7DE0005F2C9F /* Build configuration list for PBXNativeTarget "抚顺Tests" */ = {
			isa = XCConfigurationList;
			buildConfigurations = (
				DDBD37A61B5E7DE0005F2C9F /* Debug */,
				DDBD37A71B5E7DE0005F2C9F /* Release */,
			);
			defaultConfigurationIsVisible = 0;
			defaultConfigurationName = Release;
		};
/* End XCConfigurationList section */
	};
	rootObject = DDBD37771B5E7DE0005F2C9F /* Project object */;
}
