// !$*UTF8*$!
{
	archiveVersion = 1;
	classes = {
	};
	objectVersion = 46;
	objects = {

/* Begin PBXBuildFile section */
		DDBD37851B5E7DE0005F2C9F /* main.m in Sources */ = {isa = PBXBuildFile; fileRef = DDBD37841B5E7DE0005F2C9F /* main.m */; };
		DDBD37881B5E7DE0005F2C9F /* AppDelegate.m in Sources */ = {isa = PBXBuildFile; fileRef = DDBD37871B5E7DE0005F2C9F /* AppDelegate.m */; };
		DDBD378B1B5E7DE0005F2C9F /* ViewController.m in Sources */ = {isa = PBXBuildFile; fileRef = DDBD378A1B5E7DE0005F2C9F /* ViewController.m */; };
		DDBD378E1B5E7DE0005F2C9F /* Main.storyboard in Resources */ = {isa = PBXBuildFile; fileRef = DDBD378C1B5E7DE0005F2C9F /* Main.storyboard */; };
		DDBD37901B5E7DE0005F2C9F /* Images.xcassets in Resources */ = {isa = PBXBuildFile; fileRef = DDBD378F1B5E7DE0005F2C9F /* Images.xcassets */; };
		DDBD37931B5E7DE0005F2C9F /* LaunchScreen.xib in Resources */ = {isa = PBXBuildFile; fileRef = DDBD37911B5E7DE0005F2C9F /* LaunchScreen.xib */; };
		DDBD379F1B5E7DE0005F2C9F /* __Tests.m in Sources */ = {isa = PBXBuildFile; fileRef = DDBD379E1B5E7DE0005F2C9F /* __Tests.m */; };
/* End PBXBuildFile section */

/* Begin PBXContainerItemProxy section */
		DDBD37991B5E7DE0005F2C9F /* PBXContainerItemProxy */ = {
			isa = PBXContainerItemProxy;
			containerPortal = DDBD37771B5E7DE0005F2C9F /* Project object */;
			proxyType = 1;
			remoteGlobalIDString = DDBD377E1B5E7DE0005F2C9F;
			remoteInfo = "抚顺";
		};
/* End PBXContainerItemProxy section */

/* Begin PBXFileReference section */
		DDBD377F1B5E7DE0005F2C9F /* 抚顺.app */ = {isa = PBXFileReference; explicitFileType = wrapper.application; includeInIndex = 0; path = "抚顺.app"; sourceTree = BUILT_PRODUCTS_DIR; };
		DDBD37831B5E7DE0005F2C9F /* Info.plist */ = {isa = PBXFileReference; lastKnownFileType = text.plist.xml; path = Info.plist; sourceTree = "<group>"; };
		DDBD37841B5E7DE0005F2C9F /* main.m */ = {isa = PBXFileReference; lastKnownFileType = sourcecode.c.objc; path = main.m; sourceTree = "<group>"; };
		DDBD37861B5E7DE0005F2C9F /* AppDelegate.h */ = {isa = PBXFileReference; lastKnownFileType = sourcecode.c.h; path = AppDelegate.h; sourceTree = "<group>"; };
		DDBD37871B5E7DE0005F2C9F /* AppDelegate.m */ = {isa = PBXFileReference; lastKnownFileType = sourcecode.c.objc; path = AppDelegate.m; sourceTree = "<group>"; };
		DDBD37891B5E7DE0005F2C9F /* ViewController.h */ = {isa = PBXFileReference; lastKnownFileType = sourcecode.c.h; path = ViewController.h; sourceTree = "<group>"; };
		DDBD378A1B5E7DE0005F2C9F /* ViewController.m */ = {isa = PBXFileReference; lastKnownFileType = sourcecode.c.objc; path = ViewController.m; sourceTree = "<group>"; };
		DDBD378D1B5E7DE0005F2C9F /* Base */ = {isa = PBXFileReference; lastKnownFileType = file.storyboard; name = Base; path = Base.lproj/Main.storyboard; sourceTree = "<group>"; };
		DDBD378F1B5E7DE0005F2C9F /* Images.xcassets */ = {isa = PBXFileReference; lastKnownFileType = folder.assetcatalog; path = Images.xcassets; sourceTree = "<group>"; };
		DDBD37921B5E7DE0005F2C9F /* Base */ = {isa = PBXFileReference; lastKnownFileType = file.xib; name = Base; path = Base.lproj/LaunchScreen.xib; sourceTree = "<group>"; };
		DDBD37981B5E7DE0005F2C9F /* 抚顺Tests.xctest */ = {isa = PBXFileReference; explicitFileType = wrapper.cfbundle; includeInIndex = 0; path = "抚顺Tests.xctest"; sourceTree = BUILT_PRODUCTS_DIR; };
		DDBD379D1B5E7DE0005F2C9F /* Info.plist */ = {isa = PBXFileReference; lastKnownFileType = text.plist.xml; path = Info.plist; sourceTree = "<group>"; };
		DDBD379E1B5E7DE0005F2C9F /* __Tests.m */ = {isa = PBXFileReference; lastKnownFileType = sourcecode.c.objc; path = __Tests.m; sourceTree = "<group>"; };
/* End PBXFileReference section */

/* Begin PBXFrameworksBuildPhase section */
		DDBD377C1B5E7DE0005F2C9F /* Frameworks */ = {
			isa = PBXFrameworksBuildPhase;
			buildActionMask = 2147483647;
			files = (
			);
			runOnlyForDeploymentPostprocessing = 0;
		};
		DDBD37951B5E7DE0005F2C9F /* Frameworks */ = {
			isa = PBXFrameworksBuildPhase;
			buildActionMask = 2147483647;
			files = (
			);
			runOnlyForDeploymentPostprocessing = 0;
		};
/* End PBXFrameworksBuildPhase section */

/* Begin PBXGroup section */
		DDBD37761B5E7DE0005F2C9F = {
			isa = PBXGroup;
			children = (
				DDBD37811B5E7DE0005F2C9F /* 抚顺 */,
				DDBD379B1B5E7DE0005F2C9F /* 抚顺Tests */,
				DDBD37801B5E7DE0005F2C9F /* Products */,
			);
			sourceTree = "<group>";
		};
		DDBD37801B5E7DE0005F2C9F /* Products */ = {
			isa = PBXGroup;
			children = (
				DDBD377F1B5E7DE0005F2C9F /* 抚顺.app */,
				DDBD37981B5E7DE0005F2C9F /* 抚顺Tests.xctest */,
			);
			name = Products;
			sourceTree = "<group>";
		};
		DDBD37811B5E7DE0005F2C9F /* 抚顺 */ = {
			isa = PBXGroup;
			children = (
				DDBD37861B5E7DE0005F2C9F /* AppDelegate.h */,
				DDBD37871B5E7DE0005F2C9F /* AppDelegate.m */,
				DDBD37891B5E7DE0005F2C9F /* ViewController.h */,
				DDBD378A1B5E7DE0005F2C9F /* ViewController.m */,
				DDBD378C1B5E7DE0005F2C9F /* Main.storyboard */,
				DDBD378F1B5E7DE0005F2C9F /* Images.xcassets */,
				DDBD37911B5E7DE0005F2C9F /* LaunchScreen.xib */,
				DDBD37821B5E7DE0005F2C9F /* Supporting Files */,
			);
			path = "抚顺";
			sourceTree = "<group>";
		};
		DDBD37821B5E7DE0005F2C9F /* Supporting Files */ = {
			isa = PBXGroup;
			children = (
				DDBD37831B5E7DE0005F2C9F /* Info.plist */,
				DDBD37841B5E7DE0005F2C9F /* main.m */,
			);
			name = "Supporting Files";
			sourceTree = "<group>";
		};
		DDBD379B1B5E7DE0005F2C9F /* 抚顺Tests */ = {
			isa = PBXGroup;
			children = (
				DDBD379E1B5E7DE0005F2C9F /* __Tests.m */,
				DDBD379C1B5E7DE0005F2C9F /* Supporting Files */,
			);
			path = "抚顺Tests";
			sourceTree = "<group>";
		};
		DDBD379C1B5E7DE0005F2C9F /* Supporting Files */ = {
			isa = PBXGroup;
			children = (
				DDBD379D1B5E7DE0005F2C9F /* Info.plist */,
			);
			name = "Supporting Files";
			sourceTree = "<group>";
		};
/* End PBXGroup section */

/* Begin PBXNativeTarget section */
		DDBD377E1B5E7DE0005F2C9F /* 抚顺 */ = {
			isa = PBXNativeTarget;
			buildConfigurationList = DDBD37A21B5E7DE0005F2C9F /* Build configuration list for PBXNativeTarget "抚顺" */;
			buildPhases = (
				DDBD377B1B5E7DE0005F2C9F /* Sources */,
				DDBD377C1B5E7DE0005F2C9F /* Frameworks */,
				DDBD377D1B5E7DE0005F2C9F /* Resources */,
			);
			buildRules = (
			);
			dependencies = (
			);
			name = "抚顺";
			productName = "抚顺";
			productReference = DDBD377F1B5E7DE0005F2C9F /* 抚顺.app */;
			productType = "com.apple.product-type.application";
		};
		DDBD37971B5E7DE0005F2C9F /* 抚顺Tests */ = {
			isa = PBXNativeTarget;
			buildConfigurationList = DDBD37A51B5E7DE0005F2C9F /* Build configuration list for PBXNativeTarget "抚顺Tests" */;
			buildPhases = (
				DDBD37941B5E7DE0005F2C9F /* Sources */,
				DDBD37951B5E7DE0005F2C9F /* Frameworks */,
				DDBD37961B5E7DE0005F2C9F /* Resources */,
			);
			buildRules = (
			);
			dependencies = (
				DDBD379A1B5E7DE0005F2C9F /* PBXTargetDependency */,
			);
			name = "抚顺Tests";
			productName = "抚顺Tests";
			productReference = DDBD37981B5E7DE0005F2C9F /* 抚顺Tests.xctest */;
			productType = "com.apple.product-type.bundle.unit-test";
		};
/* End PBXNativeTarget section */

/* Begin PBXProject section */
		DDBD37771B5E7DE0005F2C9F /* Project object */ = {
			isa = PBXProject;
			attributes = {
				LastUpgradeCheck = 0630;
				ORGANIZATIONNAME = wharlim;
				TargetAttributes = {
					DDBD377E1B5E7DE0005F2C9F = {
						CreatedOnToolsVersion = 6.3.2;
					};
					DDBD37971B5E7DE0005F2C9F = {
						CreatedOnToolsVersion = 6.3.2;
						TestTargetID = DDBD377E1B5E7DE0005F2C9F;
					};
				};
			};
			buildConfigurationList = DDBD377A1B5E7DE0005F2C9F /* Build configuration list for PBXProject "抚顺" */;
			compatibilityVersion = "Xcode 3.2";
			developmentRegion = English;
			hasScannedForEncodings = 0;
			knownRegions = (
				en,
				Base,
			);
			mainGroup = DDBD37761B5E7DE0005F2C9F;
			productRefGroup = DDBD37801B5E7DE0005F2C9F /* Products */;
			projectDirPath = "";
			projectRoot = "";
			targets = (
				DDBD377E1B5E7DE0005F2C9F /* 抚顺 */,
				DDBD37971B5E7DE0005F2C9F /* 抚顺Tests */,
			);
		};
/* End PBXProject section */

/* Begin PBXResourcesBuildPhase section */
		DDBD377D1B5E7DE0005F2C9F /* Resources */ = {
			isa = PBXResourcesBuildPhase;
			buildActionMask = 2147483647;
			files = (
				DDBD378E1B5E7DE0005F2C9F /* Main.storyboard in Resources */,
				DDBD37931B5E7DE0005F2C9F /* LaunchScreen.xib in Resources */,
				DDBD37901B5E7DE0005F2C9F /* Images.xcassets in Resources */,
			);
			runOnlyForDeploymentPostprocessing = 0;
		};
		DDBD37961B5E7DE0005F2C9F /* Resources */ = {
			isa = PBXResourcesBuildPhase;
			buildActionMask = 2147483647;
			files = (
			);
			runOnlyForDeploymentPostprocessing = 0;
		};
/* End PBXResourcesBuildPhase section */

/* Begin PBXSourcesBuildPhase section */
		DDBD377B1B5E7DE0005F2C9F /* Sources */ = {
			isa = PBXSourcesBuildPhase;
			buildActionMask = 2147483647;
			files = (
				DDBD378B1B5E7DE0005F2C9F /* ViewController.m in Sources */,
				DDBD37881B5E7DE0005F2C9F /* AppDelegate.m in Sources */,
				DDBD37851B5E7DE0005F2C9F /* main.m in Sources */,
			);
			runOnlyForDeploymentPostprocessing = 0;
		};
		DDBD37941B5E7DE0005F2C9F /* Sources */ = {
			isa = PBXSourcesBuildPhase;
			buildActionMask = 2147483647;
			files = (
				DDBD379F1B5E7DE0005F2C9F /* __Tests.m in Sources */,
			);
			runOnlyForDeploymentPostprocessing = 0;
		};
/* End PBXSourcesBuildPhase section */

/* Begin PBXTargetDependency section */
		DDBD379A1B5E7DE0005F2C9F /* PBXTargetDependency */ = {
			isa = PBXTargetDependency;
			target = DDBD377E1B5E7DE0005F2C9F /* 抚顺 */;
			targetProxy = DDBD37991B5E7DE0005F2C9F /* PBXContainerItemProxy */;
		};
/* End PBXTargetDependency section */

/* Begin PBXVariantGroup section */
		DDBD378C1B5E7DE0005F2C9F /* Main.storyboard */ = {
			isa = PBXVariantGroup;
			children = (
				DDBD378D1B5E7DE0005F2C9F /* Base */,
			);
			name = Main.storyboard;
			sourceTree = "<group>";
		};
		DDBD37911B5E7DE0005F2C9F /* LaunchScreen.xib */ = {
			isa = PBXVariantGroup;
			children = (
				DDBD37921B5E7DE0005F2C9F /* Base */,
			);
			name = LaunchScreen.xib;
			sourceTree = "<group>";
		};
/* End PBXVariantGroup section */

/* Begin XCBuildConfiguration section */
		DDBD37A01B5E7DE0005F2C9F /* Debug */ = {
			isa = XCBuildConfiguration;
			buildSettings = {
				ALWAYS_SEARCH_USER_PATHS = NO;
				CLANG_CXX_LANGUAGE_STANDARD = "gnu++0x";
				CLANG_CXX_LIBRARY = "libc++";
				CLANG_ENABLE_MODULES = YES;
				CLANG_ENABLE_OBJC_ARC = YES;
				CLANG_WARN_BOOL_CONVERSION = YES;
				CLANG_WARN_CONSTANT_CONVERSION = YES;
				CLANG_WARN_DIRECT_OBJC_ISA_USAGE = YES_ERROR;
				CLANG_WARN_EMPTY_BODY = YES;
				CLANG_WARN_ENUM_CONVERSION = YES;
				CLANG_WARN_INT_CONVERSION = YES;
				CLANG_WARN_OBJC_ROOT_CLASS = YES_ERROR;
				CLANG_WARN_UNREACHABLE_CODE = YES;
				CLANG_WARN__DUPLICATE_METHOD_MATCH = YES;
				"CODE_SIGN_IDENTITY[sdk=iphoneos*]" = "iPhone Developer";
				COPY_PHASE_STRIP = NO;
				DEBUG_INFORMATION_FORMAT = "dwarf-with-dsym";
				ENABLE_STRICT_OBJC_MSGSEND = YES;
				GCC_C_LANGUAGE_STANDARD = gnu99;
				GCC_DYNAMIC_NO_PIC = NO;
				GCC_NO_COMMON_BLOCKS = YES;
				GCC_OPTIMIZATION_LEVEL = 0;
				GCC_PREPROCESSOR_DEFINITIONS = (
					"DEBUG=1",
					"$(inherited)",
				);
				GCC_SYMBOLS_PRIVATE_EXTERN = NO;
				GCC_WARN_64_TO_32_BIT_CONVERSION = YES;
				GCC_WARN_ABOUT_RETURN_TYPE = YES_ERROR;
				GCC_WARN_UNDECLARED_SELECTOR = YES;
				GCC_WARN_UNINITIALIZED_AUTOS = YES_AGGRESSIVE;
				GCC_WARN_UNUSED_FUNCTION = YES;
				GCC_WARN_UNUSED_VARIABLE = YES;
				IPHONEOS_DEPLOYMENT_TARGET = 8.3;
				MTL_ENABLE_DEBUG_INFO = YES;
				ONLY_ACTIVE_ARCH = YES;
				SDKROOT = iphoneos;
				TARGETED_DEVICE_FAMILY = 2;
			};
			name = Debug;
		};
		DDBD37A11B5E7DE0005F2C9F /* Release */ = {
			isa = XCBuildConfiguration;
			buildSettings = {
				ALWAYS_SEARCH_USER_PATHS = NO;
				CLANG_CXX_LANGUAGE_STANDARD = "gnu++0x";
				CLANG_CXX_LIBRARY = "libc++";
				CLANG_ENABLE_MODULES = YES;
				CLANG_ENABLE_OBJC_ARC = YES;
				CLANG_WARN_BOOL_CONVERSION = YES;
				CLANG_WARN_CONSTANT_CONVERSION = YES;
				CLANG_WARN_DIRECT_OBJC_ISA_USAGE = YES_ERROR;
				CLANG_WARN_EMPTY_BODY = YES;
				CLANG_WARN_ENUM_CONVERSION = YES;
				CLANG_WARN_INT_CONVERSION = YES;
				CLANG_WARN_OBJC_ROOT_CLASS = YES_ERROR;
				CLANG_WARN_UNREACHABLE_CODE = YES;
				CLANG_WARN__DUPLICATE_METHOD_MATCH = YES;
				"CODE_SIGN_IDENTITY[sdk=iphoneos*]" = "iPhone Developer";
				COPY_PHASE_STRIP = NO;
				DEBUG_INFORMATION_FORMAT = "dwarf-with-dsym";
				ENABLE_NS_ASSERTIONS = NO;
				ENABLE_STRICT_OBJC_MSGSEND = YES;
				GCC_C_LANGUAGE_STANDARD = gnu99;
				GCC_NO_COMMON_BLOCKS = YES;
				GCC_WARN_64_TO_32_BIT_CONVERSION = YES;
				GCC_WARN_ABOUT_RETURN_TYPE = YES_ERROR;
				GCC_WARN_UNDECLARED_SELECTOR = YES;
				GCC_WARN_UNINITIALIZED_AUTOS = YES_AGGRESSIVE;
				GCC_WARN_UNUSED_FUNCTION = YES;
				GCC_WARN_UNUSED_VARIABLE = YES;
				IPHONEOS_DEPLOYMENT_TARGET = 8.3;
				MTL_ENABLE_DEBUG_INFO = NO;
				SDKROOT = iphoneos;
				TARGETED_DEVICE_FAMILY = 2;
				VALIDATE_PRODUCT = YES;
			};
			name = Release;
		};
		DDBD37A31B5E7DE0005F2C9F /* Debug */ = {
			isa = XCBuildConfiguration;
			buildSettings = {
				ASSETCATALOG_COMPILER_APPICON_NAME = AppIcon;
				INFOPLIST_FILE = "抚顺/Info.plist";
				LD_RUNPATH_SEARCH_PATHS = "$(inherited) @executable_path/Frameworks";
				PRODUCT_NAME = "$(TARGET_NAME)";
			};
			name = Debug;
		};
		DDBD37A41B5E7DE0005F2C9F /* Release */ = {
			isa = XCBuildConfiguration;
			buildSettings = {
				ASSETCATALOG_COMPILER_APPICON_NAME = AppIcon;
				INFOPLIST_FILE = "抚顺/Info.plist";
				LD_RUNPATH_SEARCH_PATHS = "$(inherited) @executable_path/Frameworks";
				PRODUCT_NAME = "$(TARGET_NAME)";
			};
			name = Release;
		};
		DDBD37A61B5E7DE0005F2C9F /* Debug */ = {
			isa = XCBuildConfiguration;
			buildSettings = {
				BUNDLE_LOADER = "$(TEST_HOST)";
				FRAMEWORK_SEARCH_PATHS = (
					"$(SDKROOT)/Developer/Library/Frameworks",
					"$(inherited)",
				);
				GCC_PREPROCESSOR_DEFINITIONS = (
					"DEBUG=1",
					"$(inherited)",
				);
				INFOPLIST_FILE = "抚顺Tests/Info.plist";
				LD_RUNPATH_SEARCH_PATHS = "$(inherited) @executable_path/Frameworks @loader_path/Frameworks";
				PRODUCT_NAME = "$(TARGET_NAME)";
				TEST_HOST = "$(BUILT_PRODUCTS_DIR)/抚顺.app/抚顺";
			};
			name = Debug;
		};
		DDBD37A71B5E7DE0005F2C9F /* Release */ = {
			isa = XCBuildConfiguration;
			buildSettings = {
				BUNDLE_LOADER = "$(TEST_HOST)";
				FRAMEWORK_SEARCH_PATHS = (
					"$(SDKROOT)/Developer/Library/Frameworks",
					"$(inherited)",
				);
				INFOPLIST_FILE = "抚顺Tests/Info.plist";
				LD_RUNPATH_SEARCH_PATHS = "$(inherited) @executable_path/Frameworks @loader_path/Frameworks";
				PRODUCT_NAME = "$(TARGET_NAME)";
				TEST_HOST = "$(BUILT_PRODUCTS_DIR)/抚顺.app/抚顺";
			};
			name = Release;
		};
/* End XCBuildConfiguration section */

/* Begin XCConfigurationList section */
		DDBD377A1B5E7DE0005F2C9F /* Build configuration list for PBXProject "抚顺" */ = {
			isa = XCConfigurationList;
			buildConfigurations = (
				DDBD37A01B5E7DE0005F2C9F /* Debug */,
				DDBD37A11B5E7DE0005F2C9F /* Release */,
			);
			defaultConfigurationIsVisible = 0;
			defaultConfigurationName = Release;
		};
		DDBD37A21B5E7DE0005F2C9F /* Build configuration list for PBXNativeTarget "抚顺" */ = {
			isa = XCConfigurationList;
			buildConfigurations = (
				DDBD37A31B5E7DE0005F2C9F /* Debug */,
				DDBD37A41B5E7DE0005F2C9F /* Release */,
			);
			defaultConfigurationIsVisible = 0;
		};
		DDBD37A51B5E7DE0005F2C9F /* Build configuration list for PBXNativeTarget "抚顺Tests" */ = {
			isa = XCConfigurationList;
			buildConfigurations = (
				DDBD37A61B5E7DE0005F2C9F /* Debug */,
				DDBD37A71B5E7DE0005F2C9F /* Release */,
			);
			defaultConfigurationIsVisible = 0;
		};
/* End XCConfigurationList section */
	};
	rootObject = DDBD37771B5E7DE0005F2C9F /* Project object */;
}
